UNIVERSAL NRG-CO HEADER BLOCK
Use this exact banner at the top of source files. License/covenant terms still apply.

################################################################
#                                                              #
#                ⚡  N R G - C O  ⚡                          #
#                                                              #
#    CRITICAL ASSET — CLOSED SOURCE / CONFIDENTIAL              #
#    PROPRIETARY / UNDER DEVELOPMENT / SECRET                   #
#                                                              #
################################################################
{
  "name": "The-Dirt-place-Version-2",
  "lockfileVersion": 3,
  "requires": true,
  "packages": {}
}
